
Microsoft Visual Studio Solution File, Format Version 12.00
# Visual Studio 14
VisualStudioVersion = 14.0.24720.0
MinimumVisualStudioVersion = 10.0.40219.1
Project("{FAE04EC0-301F-11D3-BF4B-00C04F79EFBC}") = "jlq_MBE_BattleSimulation", "JLQ_MBE_BattleSimulation\jlq_MBE_BattleSimulation.csproj", "{27492CF3-0CBE-4D7F-9580-6B46DAD89E83}"
EndProject
Project("{FAE04EC0-301F-11D3-BF4B-00C04F79EFBC}") = "Bitmap", "Bitmap\Bitmap.csproj", "{EA47899C-66E7-40FB-B4F6-33630FC67E1E}"
EndProject
Project("{FAE04EC0-301F-11D3-BF4B-00C04F79EFBC}") = "Data", "Data\Data.csproj", "{CC851819-3A7B-402E-8984-5D6FF7DCB022}"
EndProject
Project("{FAE04EC0-301F-11D3-BF4B-00C04F79EFBC}") = "Number", "RationalNumber\Number.csproj", "{5D334A83-3A42-47DB-BEEA-B2EB3EFC779A}"
EndProject
Project("{FAE04EC0-301F-11D3-BF4B-00C04F79EFBC}") = "RandomHelper", "RandomHelper\RandomHelper.csproj", "{2468D9F2-50DD-4C26-9788-17BF8BCC9CC7}"
EndProject
Global
	GlobalSection(SolutionConfigurationPlatforms) = preSolution
		Debug|Any CPU = Debug|Any CPU
		Release|Any CPU = Release|Any CPU
	EndGlobalSection
	GlobalSection(ProjectConfigurationPlatforms) = postSolution
		{27492CF3-0CBE-4D7F-9580-6B46DAD89E83}.Debug|Any CPU.ActiveCfg = Debug|Any CPU
		{27492CF3-0CBE-4D7F-9580-6B46DAD89E83}.Debug|Any CPU.Build.0 = Debug|Any CPU
		{27492CF3-0CBE-4D7F-9580-6B46DAD89E83}.Release|Any CPU.ActiveCfg = Release|Any CPU
		{27492CF3-0CBE-4D7F-9580-6B46DAD89E83}.Release|Any CPU.Build.0 = Release|Any CPU
		{EA47899C-66E7-40FB-B4F6-33630FC67E1E}.Debug|Any CPU.ActiveCfg = Debug|Any CPU
		{EA47899C-66E7-40FB-B4F6-33630FC67E1E}.Debug|Any CPU.Build.0 = Debug|Any CPU
		{EA47899C-66E7-40FB-B4F6-33630FC67E1E}.Release|Any CPU.ActiveCfg = Release|Any CPU
		{EA47899C-66E7-40FB-B4F6-33630FC67E1E}.Release|Any CPU.Build.0 = Release|Any CPU
		{CC851819-3A7B-402E-8984-5D6FF7DCB022}.Debug|Any CPU.ActiveCfg = Debug|Any CPU
		{CC851819-3A7B-402E-8984-5D6FF7DCB022}.Debug|Any CPU.Build.0 = Debug|Any CPU
		{CC851819-3A7B-402E-8984-5D6FF7DCB022}.Release|Any CPU.ActiveCfg = Release|Any CPU
		{CC851819-3A7B-402E-8984-5D6FF7DCB022}.Release|Any CPU.Build.0 = Release|Any CPU
		{5D334A83-3A42-47DB-BEEA-B2EB3EFC779A}.Debug|Any CPU.ActiveCfg = Debug|Any CPU
		{5D334A83-3A42-47DB-BEEA-B2EB3EFC779A}.Debug|Any CPU.Build.0 = Debug|Any CPU
		{5D334A83-3A42-47DB-BEEA-B2EB3EFC779A}.Release|Any CPU.ActiveCfg = Release|Any CPU
		{5D334A83-3A42-47DB-BEEA-B2EB3EFC779A}.Release|Any CPU.Build.0 = Release|Any CPU
		{2468D9F2-50DD-4C26-9788-17BF8BCC9CC7}.Debug|Any CPU.ActiveCfg = Debug|Any CPU
		{2468D9F2-50DD-4C26-9788-17BF8BCC9CC7}.Debug|Any CPU.Build.0 = Debug|Any CPU
		{2468D9F2-50DD-4C26-9788-17BF8BCC9CC7}.Release|Any CPU.ActiveCfg = Release|Any CPU
		{2468D9F2-50DD-4C26-9788-17BF8BCC9CC7}.Release|Any CPU.Build.0 = Release|Any CPU
	EndGlobalSection
	GlobalSection(SolutionProperties) = preSolution
		HideSolutionNode = FALSE
	EndGlobalSection
EndGlobal
